dependencies:
- name: owner-info
  repository: oci://keppel.eu-de-1.cloud.sap/ccloud-helm
  version: 1.0.0
- name: linkerd-support
  repository: oci://keppel.eu-de-1.cloud.sap/ccloud-helm
  version: 1.0.0
- name: utils
  repository: oci://keppel.eu-de-1.cloud.sap/ccloud-helm
  version: 0.18.3
digest: sha256:a2d2964c2ebfd7a78cb567fe445c89f7503b2d54a71e6d9cc5e04d93d5f6f07f
generated: "2024-09-09T15:12:22.193826+02:00"
